// !$*UTF8*$!
{
	archiveVersion = 1;
	classes = {
	};
	objectVersion = 55;
	objects = {

/* Begin PBXBuildFile section */
		87DC007C28D74D81006D34D6 /* DataStore.swift in Sources */ = {isa = PBXBuildFile; fileRef = 87DC007B28D74D81006D34D6 /* DataStore.swift */; };
		87F9F73028D4DDFD001A1B09 /* AppDelegate.swift in Sources */ = {isa = PBXBuildFile; fileRef = 87F9F72F28D4DDFD001A1B09 /* AppDelegate.swift */; };
		87F9F73228D4DDFD001A1B09 /* SceneDelegate.swift in Sources */ = {isa = PBXBuildFile; fileRef = 87F9F73128D4DDFD001A1B09 /* SceneDelegate.swift */; };
		87F9F73428D4DDFD001A1B09 /* AnimationViewController.swift in Sources */ = {isa = PBXBuildFile; fileRef = 87F9F73328D4DDFD001A1B09 /* AnimationViewController.swift */; };
		87F9F73728D4DDFD001A1B09 /* Main.storyboard in Resources */ = {isa = PBXBuildFile; fileRef = 87F9F73528D4DDFD001A1B09 /* Main.storyboard */; };
		87F9F73928D4DDFE001A1B09 /* Assets.xcassets in Resources */ = {isa = PBXBuildFile; fileRef = 87F9F73828D4DDFE001A1B09 /* Assets.xcassets */; };
		87F9F73C28D4DDFE001A1B09 /* LaunchScreen.storyboard in Resources */ = {isa = PBXBuildFile; fileRef = 87F9F73A28D4DDFE001A1B09 /* LaunchScreen.storyboard */; };
		87F9F74528D4DE34001A1B09 /* SpringAnimation in Frameworks */ = {isa = PBXBuildFile; productRef = 87F9F74428D4DE34001A1B09 /* SpringAnimation */; };
		87F9F74728D4DF5E001A1B09 /* Model.swift in Sources */ = {isa = PBXBuildFile; fileRef = 87F9F74628D4DF5E001A1B09 /* Model.swift */; };
/* End PBXBuildFile section */

/* Begin PBXFileReference section */
		87DC007B28D74D81006D34D6 /* DataStore.swift */ = {isa = PBXFileReference; lastKnownFileType = sourcecode.swift; path = DataStore.swift; sourceTree = "<group>"; };
		87F9F72C28D4DDFD001A1B09 /* HW3.1.app */ = {isa = PBXFileReference; explicitFileType = wrapper.application; includeInIndex = 0; path = HW3.1.app; sourceTree = BUILT_PRODUCTS_DIR; };
		87F9F72F28D4DDFD001A1B09 /* AppDelegate.swift */ = {isa = PBXFileReference; lastKnownFileType = sourcecode.swift; path = AppDelegate.swift; sourceTree = "<group>"; };
		87F9F73128D4DDFD001A1B09 /* SceneDelegate.swift */ = {isa = PBXFileReference; lastKnownFileType = sourcecode.swift; path = SceneDelegate.swift; sourceTree = "<group>"; };
		87F9F73328D4DDFD001A1B09 /* AnimationViewController.swift */ = {isa = PBXFileReference; lastKnownFileType = sourcecode.swift; path = AnimationViewController.swift; sourceTree = "<group>"; };
		87F9F73628D4DDFD001A1B09 /* Base */ = {isa = PBXFileReference; lastKnownFileType = file.storyboard; name = Base; path = Base.lproj/Main.storyboard; sourceTree = "<group>"; };
		87F9F73828D4DDFE001A1B09 /* Assets.xcassets */ = {isa = PBXFileReference; lastKnownFileType = folder.assetcatalog; path = Assets.xcassets; sourceTree = "<group>"; };
		87F9F73B28D4DDFE001A1B09 /* Base */ = {isa = PBXFileReference; lastKnownFileType = file.storyboard; name = Base; path = Base.lproj/LaunchScreen.storyboard; sourceTree = "<group>"; };
		87F9F73D28D4DDFE001A1B09 /* Info.plist */ = {isa = PBXFileReference; lastKnownFileType = text.plist.xml; path = Info.plist; sourceTree = "<group>"; };
		87F9F74628D4DF5E001A1B09 /* Model.swift */ = {isa = PBXFileReference; lastKnownFileType = sourcecode.swift; path = Model.swift; sourceTree = "<group>"; };
/* End PBXFileReference section */

/* Begin PBXFrameworksBuildPhase section */
		87F9F72928D4DDFD001A1B09 /* Frameworks */ = {
			isa = PBXFrameworksBuildPhase;
			buildActionMask = 2147483647;
			files = (
				87F9F74528D4DE34001A1B09 /* SpringAnimation in Frameworks */,
			);
			runOnlyForDeploymentPostprocessing = 0;
		};
/* End PBXFrameworksBuildPhase section */

/* Begin PBXGroup section */
		873F2CC128DB515600D99DAE /* App */ = {
			isa = PBXGroup;
			children = (
				87F9F72F28D4DDFD001A1B09 /* AppDelegate.swift */,
				87F9F73128D4DDFD001A1B09 /* SceneDelegate.swift */,
				87F9F73D28D4DDFE001A1B09 /* Info.plist */,
			);
			path = App;
			sourceTree = "<group>";
		};
		873F2CC228DB518000D99DAE /* ViewControllers */ = {
			isa = PBXGroup;
			children = (
				87F9F73328D4DDFD001A1B09 /* AnimationViewController.swift */,
			);
			path = ViewControllers;
			sourceTree = "<group>";
		};
		873F2CC328DB518B00D99DAE /* Storyboards */ = {
			isa = PBXGroup;
			children = (
				87F9F73528D4DDFD001A1B09 /* Main.storyboard */,
				87F9F73A28D4DDFE001A1B09 /* LaunchScreen.storyboard */,
			);
			path = Storyboards;
			sourceTree = "<group>";
		};
		873F2CC428DB519600D99DAE /* Resourses */ = {
			isa = PBXGroup;
			children = (
				87F9F73828D4DDFE001A1B09 /* Assets.xcassets */,
			);
			path = Resourses;
			sourceTree = "<group>";
		};
		873F2CC528DB51BF00D99DAE /* Model */ = {
			isa = PBXGroup;
			children = (
				87F9F74628D4DF5E001A1B09 /* Model.swift */,
			);
			path = Model;
			sourceTree = "<group>";
		};
		873F2CC628DB51EF00D99DAE /* Data */ = {
			isa = PBXGroup;
			children = (
				87DC007B28D74D81006D34D6 /* DataStore.swift */,
			);
			path = Data;
			sourceTree = "<group>";
		};
		87F9F72328D4DDFD001A1B09 = {
			isa = PBXGroup;
			children = (
				87F9F72E28D4DDFD001A1B09 /* HW3.1 */,
				87F9F72D28D4DDFD001A1B09 /* Products */,
			);
			sourceTree = "<group>";
		};
		87F9F72D28D4DDFD001A1B09 /* Products */ = {
			isa = PBXGroup;
			children = (
				87F9F72C28D4DDFD001A1B09 /* HW3.1.app */,
			);
			name = Products;
			sourceTree = "<group>";
		};
		87F9F72E28D4DDFD001A1B09 /* HW3.1 */ = {
			isa = PBXGroup;
			children = (
				873F2CC528DB51BF00D99DAE /* Model */,
				873F2CC628DB51EF00D99DAE /* Data */,
				873F2CC228DB518000D99DAE /* ViewControllers */,
				873F2CC328DB518B00D99DAE /* Storyboards */,
				873F2CC428DB519600D99DAE /* Resourses */,
				873F2CC128DB515600D99DAE /* App */,
			);
			path = HW3.1;
			sourceTree = "<group>";
		};
/* End PBXGroup section */

/* Begin PBXNativeTarget section */
		87F9F72B28D4DDFD001A1B09 /* HW3.1 */ = {
			isa = PBXNativeTarget;
			buildConfigurationList = 87F9F74028D4DDFE001A1B09 /* Build configuration list for PBXNativeTarget "HW3.1" */;
			buildPhases = (
				87F9F72828D4DDFD001A1B09 /* Sources */,
				87F9F72928D4DDFD001A1B09 /* Frameworks */,
				87F9F72A28D4DDFD001A1B09 /* Resources */,
				870581B429AD146E00B34033 /* ShellScript */,
			);
			buildRules = (
			);
			dependencies = (
			);
			name = HW3.1;
			packageProductDependencies = (
				87F9F74428D4DE34001A1B09 /* SpringAnimation */,
			);
			productName = HW3.1;
			productReference = 87F9F72C28D4DDFD001A1B09 /* HW3.1.app */;
			productType = "com.apple.product-type.application";
		};
/* End PBXNativeTarget section */

/* Begin PBXProject section */
		87F9F72428D4DDFD001A1B09 /* Project object */ = {
			isa = PBXProject;
			attributes = {
				BuildIndependentTargetsInParallel = 1;
				LastSwiftUpdateCheck = 1340;
				LastUpgradeCheck = 1340;
				TargetAttributes = {
					87F9F72B28D4DDFD001A1B09 = {
						CreatedOnToolsVersion = 13.4.1;
					};
				};
			};
			buildConfigurationList = 87F9F72728D4DDFD001A1B09 /* Build configuration list for PBXProject "HW3.1" */;
			compatibilityVersion = "Xcode 13.0";
			developmentRegion = en;
			hasScannedForEncodings = 0;
			knownRegions = (
				en,
				Base,
			);
			mainGroup = 87F9F72328D4DDFD001A1B09;
			packageReferences = (
				87F9F74328D4DE34001A1B09 /* XCRemoteSwiftPackageReference "SpringAnimation" */,
			);
			productRefGroup = 87F9F72D28D4DDFD001A1B09 /* Products */;
			projectDirPath = "";
			projectRoot = "";
			targets = (
				87F9F72B28D4DDFD001A1B09 /* HW3.1 */,
			);
		};
/* End PBXProject section */

/* Begin PBXResourcesBuildPhase section */
		87F9F72A28D4DDFD001A1B09 /* Resources */ = {
			isa = PBXResourcesBuildPhase;
			buildActionMask = 2147483647;
			files = (
				87F9F73C28D4DDFE001A1B09 /* LaunchScreen.storyboard in Resources */,
				87F9F73928D4DDFE001A1B09 /* Assets.xcassets in Resources */,
				87F9F73728D4DDFD001A1B09 /* Main.storyboard in Resources */,
			);
			runOnlyForDeploymentPostprocessing = 0;
		};
/* End PBXResourcesBuildPhase section */

/* Begin PBXShellScriptBuildPhase section */
		870581B429AD146E00B34033 /* ShellScript */ = {
			isa = PBXShellScriptBuildPhase;
			buildActionMask = 2147483647;
			files = (
			);
			inputFileListPaths = (
			);
			inputPaths = (
			);
			outputFileListPaths = (
			);
			outputPaths = (
			);
			runOnlyForDeploymentPostprocessing = 0;
			shellPath = /bin/sh;
			shellScript = "export PATH=\"$PATH:/opt/homebrew/bin\"\nif which swiftlint > /dev/null; then\n  swiftlint\nelse\n  echo \"warning: SwiftLint not installed, download from https://github.com/realm/SwiftLint\"\nfi\n";
		};
/* End PBXShellScriptBuildPhase section */

/* Begin PBXSourcesBuildPhase section */
		87F9F72828D4DDFD001A1B09 /* Sources */ = {
			isa = PBXSourcesBuildPhase;
			buildActionMask = 2147483647;
			files = (
				87F9F73428D4DDFD001A1B09 /* AnimationViewController.swift in Sources */,
				87F9F73028D4DDFD001A1B09 /* AppDelegate.swift in Sources */,
				87F9F73228D4DDFD001A1B09 /* SceneDelegate.swift in Sources */,
				87DC007C28D74D81006D34D6 /* DataStore.swift in Sources */,
				87F9F74728D4DF5E001A1B09 /* Model.swift in Sources */,
			);
			runOnlyForDeploymentPostprocessing = 0;
		};
/* End PBXSourcesBuildPhase section */

/* Begin PBXVariantGroup section */
		87F9F73528D4DDFD001A1B09 /* Main.storyboard */ = {
			isa = PBXVariantGroup;
			children = (
				87F9F73628D4DDFD001A1B09 /* Base */,
			);
			name = Main.storyboard;
			sourceTree = "<group>";
		};
		87F9F73A28D4DDFE001A1B09 /* LaunchScreen.storyboard */ = {
			isa = PBXVariantGroup;
			children = (
				87F9F73B28D4DDFE001A1B09 /* Base */,
			);
			name = LaunchScreen.storyboard;
			sourceTree = "<group>";
		};
/* End PBXVariantGroup section */

/* Begin XCBuildConfiguration section */
		87F9F73E28D4DDFE001A1B09 /* Debug */ = {
			isa = XCBuildConfiguration;
			buildSettings = {
				ALWAYS_SEARCH_USER_PATHS = NO;
				CLANG_ANALYZER_NONNULL = YES;
				CLANG_ANALYZER_NUMBER_OBJECT_CONVERSION = YES_AGGRESSIVE;
				CLANG_CXX_LANGUAGE_STANDARD = "gnu++17";
				CLANG_ENABLE_MODULES = YES;
				CLANG_ENABLE_OBJC_ARC = YES;
				CLANG_ENABLE_OBJC_WEAK = YES;
				CLANG_WARN_BLOCK_CAPTURE_AUTORELEASING = YES;
				CLANG_WARN_BOOL_CONVERSION = YES;
				CLANG_WARN_COMMA = YES;
				CLANG_WARN_CONSTANT_CONVERSION = YES;
				CLANG_WARN_DEPRECATED_OBJC_IMPLEMENTATIONS = YES;
				CLANG_WARN_DIRECT_OBJC_ISA_USAGE = YES_ERROR;
				CLANG_WARN_DOCUMENTATION_COMMENTS = YES;
				CLANG_WARN_EMPTY_BODY = YES;
				CLANG_WARN_ENUM_CONVERSION = YES;
				CLANG_WARN_INFINITE_RECURSION = YES;
				CLANG_WARN_INT_CONVERSION = YES;
				CLANG_WARN_NON_LITERAL_NULL_CONVERSION = YES;
				CLANG_WARN_OBJC_IMPLICIT_RETAIN_SELF = YES;
				CLANG_WARN_OBJC_LITERAL_CONVERSION = YES;
				CLANG_WARN_OBJC_ROOT_CLASS = YES_ERROR;
				CLANG_WARN_QUOTED_INCLUDE_IN_FRAMEWORK_HEADER = YES;
				CLANG_WARN_RANGE_LOOP_ANALYSIS = YES;
				CLANG_WARN_STRICT_PROTOTYPES = YES;
				CLANG_WARN_SUSPICIOUS_MOVE = YES;
				CLANG_WARN_UNGUARDED_AVAILABILITY = YES_AGGRESSIVE;
				CLANG_WARN_UNREACHABLE_CODE = YES;
				CLANG_WARN__DUPLICATE_METHOD_MATCH = YES;
				COPY_PHASE_STRIP = NO;
				DEBUG_INFORMATION_FORMAT = dwarf;
				ENABLE_STRICT_OBJC_MSGSEND = YES;
				ENABLE_TESTABILITY = YES;
				GCC_C_LANGUAGE_STANDARD = gnu11;
				GCC_DYNAMIC_NO_PIC = NO;
				GCC_NO_COMMON_BLOCKS = YES;
				GCC_OPTIMIZATION_LEVEL = 0;
				GCC_PREPROCESSOR_DEFINITIONS = (
					"DEBUG=1",
					"$(inherited)",
				);
				GCC_WARN_64_TO_32_BIT_CONVERSION = YES;
				GCC_WARN_ABOUT_RETURN_TYPE = YES_ERROR;
				GCC_WARN_UNDECLARED_SELECTOR = YES;
				GCC_WARN_UNINITIALIZED_AUTOS = YES_AGGRESSIVE;
				GCC_WARN_UNUSED_FUNCTION = YES;
				GCC_WARN_UNUSED_VARIABLE = YES;
				IPHONEOS_DEPLOYMENT_TARGET = 15.5;
				MTL_ENABLE_DEBUG_INFO = INCLUDE_SOURCE;
				MTL_FAST_MATH = YES;
				ONLY_ACTIVE_ARCH = YES;
				SDKROOT = iphoneos;
				SWIFT_ACTIVE_COMPILATION_CONDITIONS = DEBUG;
				SWIFT_OPTIMIZATION_LEVEL = "-Onone";
			};
			name = Debug;
		};
		87F9F73F28D4DDFE001A1B09 /* Release */ = {
			isa = XCBuildConfiguration;
			buildSettings = {
				ALWAYS_SEARCH_USER_PATHS = NO;
				CLANG_ANALYZER_NONNULL = YES;
				CLANG_ANALYZER_NUMBER_OBJECT_CONVERSION = YES_AGGRESSIVE;
				CLANG_CXX_LANGUAGE_STANDARD = "gnu++17";
				CLANG_ENABLE_MODULES = YES;
				CLANG_ENABLE_OBJC_ARC = YES;
				CLANG_ENABLE_OBJC_WEAK = YES;
				CLANG_WARN_BLOCK_CAPTURE_AUTORELEASING = YES;
				CLANG_WARN_BOOL_CONVERSION = YES;
				CLANG_WARN_COMMA = YES;
				CLANG_WARN_CONSTANT_CONVERSION = YES;
				CLANG_WARN_DEPRECATED_OBJC_IMPLEMENTATIONS = YES;
				CLANG_WARN_DIRECT_OBJC_ISA_USAGE = YES_ERROR;
				CLANG_WARN_DOCUMENTATION_COMMENTS = YES;
				CLANG_WARN_EMPTY_BODY = YES;
				CLANG_WARN_ENUM_CONVERSION = YES;
				CLANG_WARN_INFINITE_RECURSION = YES;
				CLANG_WARN_INT_CONVERSION = YES;
				CLANG_WARN_NON_LITERAL_NULL_CONVERSION = YES;
				CLANG_WARN_OBJC_IMPLICIT_RETAIN_SELF = YES;
				CLANG_WARN_OBJC_LITERAL_CONVERSION = YES;
				CLANG_WARN_OBJC_ROOT_CLASS = YES_ERROR;
				CLANG_WARN_QUOTED_INCLUDE_IN_FRAMEWORK_HEADER = YES;
				CLANG_WARN_RANGE_LOOP_ANALYSIS = YES;
				CLANG_WARN_STRICT_PROTOTYPES = YES;
				CLANG_WARN_SUSPICIOUS_MOVE = YES;
				CLANG_WARN_UNGUARDED_AVAILABILITY = YES_AGGRESSIVE;
				CLANG_WARN_UNREACHABLE_CODE = YES;
				CLANG_WARN__DUPLICATE_METHOD_MATCH = YES;
				COPY_PHASE_STRIP = NO;
				DEBUG_INFORMATION_FORMAT = "dwarf-with-dsym";
				ENABLE_NS_ASSERTIONS = NO;
				ENABLE_STRICT_OBJC_MSGSEND = YES;
				GCC_C_LANGUAGE_STANDARD = gnu11;
				GCC_NO_COMMON_BLOCKS = YES;
				GCC_WARN_64_TO_32_BIT_CONVERSION = YES;
				GCC_WARN_ABOUT_RETURN_TYPE = YES_ERROR;
				GCC_WARN_UNDECLARED_SELECTOR = YES;
				GCC_WARN_UNINITIALIZED_AUTOS = YES_AGGRESSIVE;
				GCC_WARN_UNUSED_FUNCTION = YES;
				GCC_WARN_UNUSED_VARIABLE = YES;
				IPHONEOS_DEPLOYMENT_TARGET = 15.5;
				MTL_ENABLE_DEBUG_INFO = NO;
				MTL_FAST_MATH = YES;
				SDKROOT = iphoneos;
				SWIFT_COMPILATION_MODE = wholemodule;
				SWIFT_OPTIMIZATION_LEVEL = "-O";
				VALIDATE_PRODUCT = YES;
			};
			name = Release;
		};
		87F9F74128D4DDFE001A1B09 /* Debug */ = {
			isa = XCBuildConfiguration;
			buildSettings = {
				ASSETCATALOG_COMPILER_APPICON_NAME = AppIcon;
				ASSETCATALOG_COMPILER_GLOBAL_ACCENT_COLOR_NAME = AccentColor;
				CODE_SIGN_STYLE = Automatic;
				CURRENT_PROJECT_VERSION = 1;
				DEVELOPMENT_TEAM = S5QF774VV5;
				GENERATE_INFOPLIST_FILE = YES;
				INFOPLIST_FILE = HW3.1/App/Info.plist;
				INFOPLIST_KEY_UIApplicationSupportsIndirectInputEvents = YES;
				INFOPLIST_KEY_UILaunchStoryboardName = LaunchScreen;
				INFOPLIST_KEY_UIMainStoryboardFile = Main;
				INFOPLIST_KEY_UISupportedInterfaceOrientations = UIInterfaceOrientationPortrait;
				LD_RUNPATH_SEARCH_PATHS = (
					"$(inherited)",
					"@executable_path/Frameworks",
				);
				MARKETING_VERSION = 1.0;
				PRODUCT_BUNDLE_IDENTIFIER = "ru.SwiftBook.HW3-1";
				PRODUCT_NAME = "$(TARGET_NAME)";
				SWIFT_EMIT_LOC_STRINGS = YES;
				SWIFT_VERSION = 5.0;
				TARGETED_DEVICE_FAMILY = 1;
			};
			name = Debug;
		};
		87F9F74228D4DDFE001A1B09 /* Release */ = {
			isa = XCBuildConfiguration;
			buildSettings = {
				ASSETCATALOG_COMPILER_APPICON_NAME = AppIcon;
				ASSETCATALOG_COMPILER_GLOBAL_ACCENT_COLOR_NAME = AccentColor;
				CODE_SIGN_STYLE = Automatic;
				CURRENT_PROJECT_VERSION = 1;
				DEVELOPMENT_TEAM = S5QF774VV5;
				GENERATE_INFOPLIST_FILE = YES;
				INFOPLIST_FILE = HW3.1/App/Info.plist;
				INFOPLIST_KEY_UIApplicationSupportsIndirectInputEvents = YES;
				INFOPLIST_KEY_UILaunchStoryboardName = LaunchScreen;
				INFOPLIST_KEY_UIMainStoryboardFile = Main;
				INFOPLIST_KEY_UISupportedInterfaceOrientations = UIInterfaceOrientationPortrait;
				LD_RUNPATH_SEARCH_PATHS = (
					"$(inherited)",
					"@executable_path/Frameworks",
				);
				MARKETING_VERSION = 1.0;
				PRODUCT_BUNDLE_IDENTIFIER = "ru.SwiftBook.HW3-1";
				PRODUCT_NAME = "$(TARGET_NAME)";
				SWIFT_EMIT_LOC_STRINGS = YES;
				SWIFT_VERSION = 5.0;
				TARGETED_DEVICE_FAMILY = 1;
			};
			name = Release;
		};
/* End XCBuildConfiguration section */

/* Begin XCConfigurationList section */
		87F9F72728D4DDFD001A1B09 /* Build configuration list for PBXProject "HW3.1" */ = {
			isa = XCConfigurationList;
			buildConfigurations = (
				87F9F73E28D4DDFE001A1B09 /* Debug */,
				87F9F73F28D4DDFE001A1B09 /* Release */,
			);
			defaultConfigurationIsVisible = 0;
			defaultConfigurationName = Release;
		};
		87F9F74028D4DDFE001A1B09 /* Build configuration list for PBXNativeTarget "HW3.1" */ = {
			isa = XCConfigurationList;
			buildConfigurations = (
				87F9F74128D4DDFE001A1B09 /* Debug */,
				87F9F74228D4DDFE001A1B09 /* Release */,
			);
			defaultConfigurationIsVisible = 0;
			defaultConfigurationName = Release;
		};
/* End XCConfigurationList section */

/* Begin XCRemoteSwiftPackageReference section */
		87F9F74328D4DE34001A1B09 /* XCRemoteSwiftPackageReference "SpringAnimation" */ = {
			isa = XCRemoteSwiftPackageReference;
			repositoryURL = "https://github.com/LexDeBash/SpringAnimation";
			requirement = {
				kind = upToNextMajorVersion;
				minimumVersion = 0.3.0;
			};
		};
/* End XCRemoteSwiftPackageReference section */

/* Begin XCSwiftPackageProductDependency section */
		87F9F74428D4DE34001A1B09 /* SpringAnimation */ = {
			isa = XCSwiftPackageProductDependency;
			package = 87F9F74328D4DE34001A1B09 /* XCRemoteSwiftPackageReference "SpringAnimation" */;
			productName = SpringAnimation;
		};
/* End XCSwiftPackageProductDependency section */
	};
	rootObject = 87F9F72428D4DDFD001A1B09 /* Project object */;
}
